# This file is autogenerated, do not edit; changes may be undone by the next 'dep ensure'.


[[projects]]
  branch = "master"
  name = "code.cloudfoundry.org/clock"
  packages = ["."]
  revision = "e9dc86bbf0e5bbe6bf7ff5a6f71e048959b61f71"

[[projects]]
  name = "github.com/Azure/go-ansiterm"
  packages = [".","winterm"]
  revision = "19f72df4d05d31cbe1c56bfc8045c96babff6c7e"

[[projects]]
  name = "github.com/Microsoft/ApplicationInsights-Go"
  packages = ["appinsights"]
  revision = "bac23a8f32e504d72bf361d9beef05b59fc478aa"
  version = "v0.3.0"

[[projects]]
  name = "github.com/Microsoft/go-winio"
  packages = ["."]
  revision = "7ff89941bcb93df2e962467fb073c6e997b13cf0"
  version = "v0.4.4"

[[projects]]
  branch = "master"
  name = "github.com/Nvveen/Gotty"
  packages = ["."]
  revision = "cd527374f1e5bff4938207604a14f2e38a9cf512"

[[projects]]
  name = "github.com/coreos/go-systemd"
  packages = ["activation"]
  revision = "24036eb3df68550d24a2736c5d013f4e83366866"

[[projects]]
  name = "github.com/docker/docker"
  packages = ["api/types","api/types/backend","api/types/blkiodev","api/types/container","api/types/filters","api/types/mount","api/types/network","api/types/plugins/logdriver","api/types/registry","api/types/strslice","api/types/swarm","api/types/swarm/runtime","api/types/versions","daemon/logger","daemon/logger/jsonfilelog","daemon/logger/jsonfilelog/jsonlog","daemon/logger/jsonfilelog/multireader","daemon/logger/loggerutils","daemon/logger/templates","pkg/filenotify","pkg/ioutils","pkg/jsonmessage","pkg/longpath","pkg/plugingetter","pkg/plugins","pkg/plugins/transport","pkg/progress","pkg/pubsub","pkg/streamformatter","pkg/stringid","pkg/tailfile","pkg/term","pkg/term/windows","pkg/urlutil"]
  revision = "786311be7d011960801d713f0d01ea9d36f63170"

[[projects]]
  name = "github.com/docker/go-connections"
  packages = ["nat","sockets","tlsconfig"]
  revision = "3ede32e2033de7505e6500d6c868c2b9ed9f169d"
  version = "v0.3.0"

[[projects]]
  name = "github.com/docker/go-plugins-helpers"
  packages = ["sdk"]
  revision = "96217206cc52dcc41d4ace9a9bef8c6111f2e5f9"

[[projects]]
  name = "github.com/docker/go-units"
  packages = ["."]
  revision = "0dadbb0345b35ec7ef35e228dabb8de89a65bf52"
  version = "v0.3.2"

[[projects]]
  name = "github.com/fsnotify/fsnotify"
  packages = ["."]
  revision = "629574ca2a5df945712d3079857300b5e4da0236"
  version = "v1.4.2"

[[projects]]
  name = "github.com/gogo/protobuf"
  packages = ["io","proto"]
  revision = "7b6c6391c4ff245962047fc1e2c6e08b1cdfa0e8"

[[projects]]
  name = "github.com/opencontainers/go-digest"
  packages = ["."]
  revision = "279bed98673dd5bef374d3b6e4b09e2af76183bf"
  version = "v1.0.0-rc1"

[[projects]]
  name = "github.com/opencontainers/image-spec"
  packages = ["specs-go","specs-go/v1"]
  revision = "ef2b9a1d696677abd664a0879758d2b115b1ded3"

[[projects]]
  name = "github.com/pkg/errors"
  packages = ["."]
  revision = "c605e284fe17294bda444b34710735b29d1a9d90"

[[projects]]
  name = "github.com/sirupsen/logrus"
  packages = ["."]
  revision = "259b4b7f450a330ee03d88f0d704c2cc7964cf9e"

[[projects]]
  branch = "master"
  name = "github.com/tonistiigi/fifo"
  packages = ["."]
  revision = "fbfb6a11ec671efbe94ad1c12c2e98773f19e1e6"

[[projects]]
  name = "golang.org/x/net"
  packages = ["context","proxy"]
  revision = "f5079bd7f6f74e23c4d65efa0f4ce14cbd6a3c0f"

[[projects]]
  name = "golang.org/x/sys"
  packages = ["unix","windows"]
  revision = "35ef4487ce0a1ea5d4b616ffe71e34febe723695"

[[projects]]
  name = "golang.org/x/time"
  packages = ["rate"]
  revision = "8be79e1e0910c292df4e79c241bb7e8f7e725959"

[solve-meta]
  analyzer-name = "dep"
  analyzer-version = 1
  inputs-digest = "81b860d650f81b83d38c677f3960207f3f8d9e1ff63ac32b11527ad91319f292"
  solver-name = "gps-cdcl"
  solver-version = 1
